
Microsoft Visual Studio Solution File, Format Version 12.00
# Visual Studio Version 16
VisualStudioVersion = 16.0.30611.23
MinimumVisualStudioVersion = 10.0.40219.1
Project("{FAE04EC0-301F-11D3-BF4B-00C04F79EFBC}") = "Marrero-Projet2AutosMVC", "Marrero-Projet2AutosMVC\Marrero-Projet2AutosMVC.csproj", "{2B8BEAFF-D3E2-4CF7-A421-394A91F68463}"
EndProject
Global
	GlobalSection(SolutionConfigurationPlatforms) = preSolution
		Debug|Any CPU = Debug|Any CPU
		Release|Any CPU = Release|Any CPU
	EndGlobalSection
	GlobalSection(ProjectConfigurationPlatforms) = postSolution
		{2B8BEAFF-D3E2-4CF7-A421-394A91F68463}.Debug|Any CPU.ActiveCfg = Debug|Any CPU
		{2B8BEAFF-D3E2-4CF7-A421-394A91F68463}.Debug|Any CPU.Build.0 = Debug|Any CPU
		{2B8BEAFF-D3E2-4CF7-A421-394A91F68463}.Release|Any CPU.ActiveCfg = Release|Any CPU
		{2B8BEAFF-D3E2-4CF7-A421-394A91F68463}.Release|Any CPU.Build.0 = Release|Any CPU
	EndGlobalSection
	GlobalSection(SolutionProperties) = preSolution
		HideSolutionNode = FALSE
	EndGlobalSection
	GlobalSection(ExtensibilityGlobals) = postSolution
		SolutionGuid = {90A7E0EF-4614-4EA9-AE2D-DC0C09D48C7D}
	EndGlobalSection
EndGlobal
